
Microsoft Visual Studio Solution File, Format Version 12.00
# Visual Studio Version 17
VisualStudioVersion = 17.7.34024.191
MinimumVisualStudioVersion = 10.0.40219.1
Project("{FAE04EC0-301F-11D3-BF4B-00C04F79EFBC}") = "TemplateMethod", "TemplateMethod.csproj", "{966DD3B1-665E-405A-BE6D-9D389DA52A0B}"
EndProject
Global
	GlobalSection(SolutionConfigurationPlatforms) = preSolution
		Debug|Any CPU = Debug|Any CPU
		Release|Any CPU = Release|Any CPU
	EndGlobalSection
	GlobalSection(ProjectConfigurationPlatforms) = postSolution
		{966DD3B1-665E-405A-BE6D-9D389DA52A0B}.Debug|Any CPU.ActiveCfg = Debug|Any CPU
		{966DD3B1-665E-405A-BE6D-9D389DA52A0B}.Debug|Any CPU.Build.0 = Debug|Any CPU
		{966DD3B1-665E-405A-BE6D-9D389DA52A0B}.Release|Any CPU.ActiveCfg = Release|Any CPU
		{966DD3B1-665E-405A-BE6D-9D389DA52A0B}.Release|Any CPU.Build.0 = Release|Any CPU
	EndGlobalSection
	GlobalSection(SolutionProperties) = preSolution
		HideSolutionNode = FALSE
	EndGlobalSection
	GlobalSection(ExtensibilityGlobals) = postSolution
		SolutionGuid = {FAA6D0E6-B489-4353-B95A-D8763BC741C7}
	EndGlobalSection
EndGlobal
